// !$*UTF8*$!
{
	archiveVersion = 1;
	classes = {
	};
	objectVersion = 48;
	objects = {

/* Begin PBXBuildFile section */
		B2C4C10911EB8A3B46E16F7C /* Pods_smack_app.framework in Frameworks */ = {isa = PBXBuildFile; fileRef = 17869A46C37DF206BB2E0049 /* Pods_smack_app.framework */; };
		C81128731F8BD6D70039A422 /* Message.swift in Sources */ = {isa = PBXBuildFile; fileRef = C81128721F8BD6D70039A422 /* Message.swift */; };
		C830289E1F86D8FD00F30F4B /* AuthService.swift in Sources */ = {isa = PBXBuildFile; fileRef = C830289D1F86D8FD00F30F4B /* AuthService.swift */; };
		C8408CCF1F874DC40082BD1F /* RoundedButton.swift in Sources */ = {isa = PBXBuildFile; fileRef = C8408CCE1F874DC40082BD1F /* RoundedButton.swift */; };
		C8408CD11F8912F20082BD1F /* UserDataService.swift in Sources */ = {isa = PBXBuildFile; fileRef = C8408CD01F8912F20082BD1F /* UserDataService.swift */; };
		C8408CD31F8929A80082BD1F /* AvatarPickerVC.swift in Sources */ = {isa = PBXBuildFile; fileRef = C8408CD21F8929A80082BD1F /* AvatarPickerVC.swift */; };
		C8408CD51F892C020082BD1F /* AvatarCell.swift in Sources */ = {isa = PBXBuildFile; fileRef = C8408CD41F892C020082BD1F /* AvatarCell.swift */; };
		C8408CD71F8942440082BD1F /* CircleImage.swift in Sources */ = {isa = PBXBuildFile; fileRef = C8408CD61F8942440082BD1F /* CircleImage.swift */; };
		C8681B9C1F8BF6FD000123BB /* KeyboardBoundView.swift in Sources */ = {isa = PBXBuildFile; fileRef = C8681B9B1F8BF6FD000123BB /* KeyboardBoundView.swift */; };
		C88085CB1F857F2400E5823B /* AppDelegate.swift in Sources */ = {isa = PBXBuildFile; fileRef = C88085CA1F857F2400E5823B /* AppDelegate.swift */; };
		C88085D01F857F2400E5823B /* Main.storyboard in Resources */ = {isa = PBXBuildFile; fileRef = C88085CE1F857F2400E5823B /* Main.storyboard */; };
		C88085D21F857F2400E5823B /* Assets.xcassets in Resources */ = {isa = PBXBuildFile; fileRef = C88085D11F857F2400E5823B /* Assets.xcassets */; };
		C88085D51F857F2400E5823B /* LaunchScreen.storyboard in Resources */ = {isa = PBXBuildFile; fileRef = C88085D31F857F2400E5823B /* LaunchScreen.storyboard */; };
		C88085E41F86093000E5823B /* ChatVC.swift in Sources */ = {isa = PBXBuildFile; fileRef = C88085E31F86093000E5823B /* ChatVC.swift */; };
		C88085E61F86094100E5823B /* ChannelVC.swift in Sources */ = {isa = PBXBuildFile; fileRef = C88085E51F86094100E5823B /* ChannelVC.swift */; };
		C88085E71F860C7700E5823B /* SWRevealViewController.m in Sources */ = {isa = PBXBuildFile; fileRef = C88085DE1F858AF800E5823B /* SWRevealViewController.m */; };
		C88085E91F860FAE00E5823B /* GradientView.swift in Sources */ = {isa = PBXBuildFile; fileRef = C88085E81F860FAE00E5823B /* GradientView.swift */; };
		C88085ED1F86B4FD00E5823B /* Constants.swift in Sources */ = {isa = PBXBuildFile; fileRef = C88085EC1F86B4FD00E5823B /* Constants.swift */; };
		C88085EF1F86B9F500E5823B /* LoginVC.swift in Sources */ = {isa = PBXBuildFile; fileRef = C88085EE1F86B9F500E5823B /* LoginVC.swift */; };
		C88085F11F86BB8700E5823B /* CreateAccVC.swift in Sources */ = {isa = PBXBuildFile; fileRef = C88085F01F86BB8700E5823B /* CreateAccVC.swift */; };
		C8A5D4471F8A5BD3009759E9 /* SocketService.swift in Sources */ = {isa = PBXBuildFile; fileRef = C8A5D4461F8A5BD3009759E9 /* SocketService.swift */; };
		C8B360261F89734B00258C96 /* ProfileVC.swift in Sources */ = {isa = PBXBuildFile; fileRef = C8B360241F89734B00258C96 /* ProfileVC.swift */; };
		C8B360271F89734B00258C96 /* ProfileVC.xib in Resources */ = {isa = PBXBuildFile; fileRef = C8B360251F89734B00258C96 /* ProfileVC.xib */; };
		C8B3602A1F8A320800258C96 /* MessageService.swift in Sources */ = {isa = PBXBuildFile; fileRef = C8B360291F8A320800258C96 /* MessageService.swift */; };
		C8B3602C1F8A323800258C96 /* Channel.swift in Sources */ = {isa = PBXBuildFile; fileRef = C8B3602B1F8A323800258C96 /* Channel.swift */; };
		C8B3602E1F8A3C1300258C96 /* ChannelCell.swift in Sources */ = {isa = PBXBuildFile; fileRef = C8B3602D1F8A3C1300258C96 /* ChannelCell.swift */; };
		C8B360311F8A43F500258C96 /* AddChannelVC.swift in Sources */ = {isa = PBXBuildFile; fileRef = C8B3602F1F8A43F500258C96 /* AddChannelVC.swift */; };
		C8B360321F8A43F500258C96 /* AddChannelVC.xib in Resources */ = {isa = PBXBuildFile; fileRef = C8B360301F8A43F500258C96 /* AddChannelVC.xib */; };
/* End PBXBuildFile section */

/* Begin PBXFileReference section */
		17869A46C37DF206BB2E0049 /* Pods_smack_app.framework */ = {isa = PBXFileReference; explicitFileType = wrapper.framework; includeInIndex = 0; path = Pods_smack_app.framework; sourceTree = BUILT_PRODUCTS_DIR; };
		301909D2C8654C606F3D8F38 /* Pods-smack-app.debug.xcconfig */ = {isa = PBXFileReference; includeInIndex = 1; lastKnownFileType = text.xcconfig; name = "Pods-smack-app.debug.xcconfig"; path = "Pods/Target Support Files/Pods-smack-app/Pods-smack-app.debug.xcconfig"; sourceTree = "<group>"; };
		C81128721F8BD6D70039A422 /* Message.swift */ = {isa = PBXFileReference; lastKnownFileType = sourcecode.swift; path = Message.swift; sourceTree = "<group>"; };
		C830289D1F86D8FD00F30F4B /* AuthService.swift */ = {isa = PBXFileReference; lastKnownFileType = sourcecode.swift; path = AuthService.swift; sourceTree = "<group>"; };
		C8408CCE1F874DC40082BD1F /* RoundedButton.swift */ = {isa = PBXFileReference; lastKnownFileType = sourcecode.swift; path = RoundedButton.swift; sourceTree = "<group>"; };
		C8408CD01F8912F20082BD1F /* UserDataService.swift */ = {isa = PBXFileReference; lastKnownFileType = sourcecode.swift; path = UserDataService.swift; sourceTree = "<group>"; };
		C8408CD21F8929A80082BD1F /* AvatarPickerVC.swift */ = {isa = PBXFileReference; lastKnownFileType = sourcecode.swift; path = AvatarPickerVC.swift; sourceTree = "<group>"; };
		C8408CD41F892C020082BD1F /* AvatarCell.swift */ = {isa = PBXFileReference; lastKnownFileType = sourcecode.swift; path = AvatarCell.swift; sourceTree = "<group>"; };
		C8408CD61F8942440082BD1F /* CircleImage.swift */ = {isa = PBXFileReference; lastKnownFileType = sourcecode.swift; path = CircleImage.swift; sourceTree = "<group>"; };
		C8681B9B1F8BF6FD000123BB /* KeyboardBoundView.swift */ = {isa = PBXFileReference; lastKnownFileType = sourcecode.swift; path = KeyboardBoundView.swift; sourceTree = "<group>"; };
		C88085C71F857F2300E5823B /* smack-app.app */ = {isa = PBXFileReference; explicitFileType = wrapper.application; includeInIndex = 0; path = "smack-app.app"; sourceTree = BUILT_PRODUCTS_DIR; };
		C88085CA1F857F2400E5823B /* AppDelegate.swift */ = {isa = PBXFileReference; lastKnownFileType = sourcecode.swift; path = AppDelegate.swift; sourceTree = "<group>"; };
		C88085CF1F857F2400E5823B /* Base */ = {isa = PBXFileReference; lastKnownFileType = file.storyboard; name = Base; path = Base.lproj/Main.storyboard; sourceTree = "<group>"; };
		C88085D11F857F2400E5823B /* Assets.xcassets */ = {isa = PBXFileReference; lastKnownFileType = folder.assetcatalog; path = Assets.xcassets; sourceTree = "<group>"; };
		C88085D41F857F2400E5823B /* Base */ = {isa = PBXFileReference; lastKnownFileType = file.storyboard; name = Base; path = Base.lproj/LaunchScreen.storyboard; sourceTree = "<group>"; };
		C88085D61F857F2400E5823B /* Info.plist */ = {isa = PBXFileReference; lastKnownFileType = text.plist.xml; path = Info.plist; sourceTree = "<group>"; };
		C88085DD1F858AF700E5823B /* smack-app-Bridging-Header.h */ = {isa = PBXFileReference; lastKnownFileType = sourcecode.c.h; path = "smack-app-Bridging-Header.h"; sourceTree = "<group>"; };
		C88085DE1F858AF800E5823B /* SWRevealViewController.m */ = {isa = PBXFileReference; lastKnownFileType = sourcecode.c.objc; path = SWRevealViewController.m; sourceTree = "<group>"; };
		C88085DF1F858AF800E5823B /* SWRevealViewController.h */ = {isa = PBXFileReference; lastKnownFileType = sourcecode.c.h; path = SWRevealViewController.h; sourceTree = "<group>"; };
		C88085E31F86093000E5823B /* ChatVC.swift */ = {isa = PBXFileReference; lastKnownFileType = sourcecode.swift; path = ChatVC.swift; sourceTree = "<group>"; };
		C88085E51F86094100E5823B /* ChannelVC.swift */ = {isa = PBXFileReference; lastKnownFileType = sourcecode.swift; path = ChannelVC.swift; sourceTree = "<group>"; };
		C88085E81F860FAE00E5823B /* GradientView.swift */ = {isa = PBXFileReference; lastKnownFileType = sourcecode.swift; path = GradientView.swift; sourceTree = "<group>"; };
		C88085EC1F86B4FD00E5823B /* Constants.swift */ = {isa = PBXFileReference; lastKnownFileType = sourcecode.swift; path = Constants.swift; sourceTree = "<group>"; };
		C88085EE1F86B9F500E5823B /* LoginVC.swift */ = {isa = PBXFileReference; lastKnownFileType = sourcecode.swift; path = LoginVC.swift; sourceTree = "<group>"; };
		C88085F01F86BB8700E5823B /* CreateAccVC.swift */ = {isa = PBXFileReference; lastKnownFileType = sourcecode.swift; path = CreateAccVC.swift; sourceTree = "<group>"; };
		C8A5D4461F8A5BD3009759E9 /* SocketService.swift */ = {isa = PBXFileReference; lastKnownFileType = sourcecode.swift; path = SocketService.swift; sourceTree = "<group>"; };
		C8B360241F89734B00258C96 /* ProfileVC.swift */ = {isa = PBXFileReference; lastKnownFileType = sourcecode.swift; path = ProfileVC.swift; sourceTree = "<group>"; };
		C8B360251F89734B00258C96 /* ProfileVC.xib */ = {isa = PBXFileReference; lastKnownFileType = file.xib; path = ProfileVC.xib; sourceTree = "<group>"; };
		C8B360291F8A320800258C96 /* MessageService.swift */ = {isa = PBXFileReference; lastKnownFileType = sourcecode.swift; path = MessageService.swift; sourceTree = "<group>"; };
		C8B3602B1F8A323800258C96 /* Channel.swift */ = {isa = PBXFileReference; lastKnownFileType = sourcecode.swift; path = Channel.swift; sourceTree = "<group>"; };
		C8B3602D1F8A3C1300258C96 /* ChannelCell.swift */ = {isa = PBXFileReference; lastKnownFileType = sourcecode.swift; path = ChannelCell.swift; sourceTree = "<group>"; };
		C8B3602F1F8A43F500258C96 /* AddChannelVC.swift */ = {isa = PBXFileReference; lastKnownFileType = sourcecode.swift; path = AddChannelVC.swift; sourceTree = "<group>"; };
		C8B360301F8A43F500258C96 /* AddChannelVC.xib */ = {isa = PBXFileReference; lastKnownFileType = file.xib; path = AddChannelVC.xib; sourceTree = "<group>"; };
		F1939109B86ED5A6131B07C5 /* Pods-smack-app.release.xcconfig */ = {isa = PBXFileReference; includeInIndex = 1; lastKnownFileType = text.xcconfig; name = "Pods-smack-app.release.xcconfig"; path = "Pods/Target Support Files/Pods-smack-app/Pods-smack-app.release.xcconfig"; sourceTree = "<group>"; };
/* End PBXFileReference section */

/* Begin PBXFrameworksBuildPhase section */
		C88085C41F857F2300E5823B /* Frameworks */ = {
			isa = PBXFrameworksBuildPhase;
			buildActionMask = 2147483647;
			files = (
				B2C4C10911EB8A3B46E16F7C /* Pods_smack_app.framework in Frameworks */,
			);
			runOnlyForDeploymentPostprocessing = 0;
		};
/* End PBXFrameworksBuildPhase section */

/* Begin PBXGroup section */
		C4D8356C0B9615C3E157F013 /* Pods */ = {
			isa = PBXGroup;
			children = (
				301909D2C8654C606F3D8F38 /* Pods-smack-app.debug.xcconfig */,
				F1939109B86ED5A6131B07C5 /* Pods-smack-app.release.xcconfig */,
			);
			name = Pods;
			sourceTree = "<group>";
		};
		C830289C1F86D8E900F30F4B /* Services */ = {
			isa = PBXGroup;
			children = (
				C830289D1F86D8FD00F30F4B /* AuthService.swift */,
				C8408CD01F8912F20082BD1F /* UserDataService.swift */,
				C8B360291F8A320800258C96 /* MessageService.swift */,
				C8A5D4461F8A5BD3009759E9 /* SocketService.swift */,
			);
			path = Services;
			sourceTree = "<group>";
		};
		C88085BE1F857F2300E5823B = {
			isa = PBXGroup;
			children = (
				C88085C91F857F2300E5823B /* smack-app */,
				C88085C81F857F2300E5823B /* Products */,
				C4D8356C0B9615C3E157F013 /* Pods */,
				F9A68B44EC1133DA7AF48C53 /* Frameworks */,
			);
			sourceTree = "<group>";
		};
		C88085C81F857F2300E5823B /* Products */ = {
			isa = PBXGroup;
			children = (
				C88085C71F857F2300E5823B /* smack-app.app */,
			);
			name = Products;
			sourceTree = "<group>";
		};
		C88085C91F857F2300E5823B /* smack-app */ = {
			isa = PBXGroup;
			children = (
				C8B360281F89736700258C96 /* Xibs */,
				C830289C1F86D8E900F30F4B /* Services */,
				C88085EB1F86B4EB00E5823B /* Utilities */,
				C88085E01F8608F500E5823B /* Model */,
				C88085E11F8608FC00E5823B /* View */,
				C88085E21F86090700E5823B /* Controller */,
				C88085DC1F858ADD00E5823B /* Supporting Files */,
				C88085CA1F857F2400E5823B /* AppDelegate.swift */,
				C88085CE1F857F2400E5823B /* Main.storyboard */,
				C88085D11F857F2400E5823B /* Assets.xcassets */,
				C88085D31F857F2400E5823B /* LaunchScreen.storyboard */,
				C88085D61F857F2400E5823B /* Info.plist */,
			);
			path = "smack-app";
			sourceTree = "<group>";
		};
		C88085DC1F858ADD00E5823B /* Supporting Files */ = {
			isa = PBXGroup;
			children = (
				C88085DF1F858AF800E5823B /* SWRevealViewController.h */,
				C88085DE1F858AF800E5823B /* SWRevealViewController.m */,
				C88085DD1F858AF700E5823B /* smack-app-Bridging-Header.h */,
			);
			path = "Supporting Files";
			sourceTree = "<group>";
		};
		C88085E01F8608F500E5823B /* Model */ = {
			isa = PBXGroup;
			children = (
				C8B3602B1F8A323800258C96 /* Channel.swift */,
				C81128721F8BD6D70039A422 /* Message.swift */,
			);
			path = Model;
			sourceTree = "<group>";
		};
		C88085E11F8608FC00E5823B /* View */ = {
			isa = PBXGroup;
			children = (
				C88085E81F860FAE00E5823B /* GradientView.swift */,
				C8408CCE1F874DC40082BD1F /* RoundedButton.swift */,
				C8408CD41F892C020082BD1F /* AvatarCell.swift */,
				C8408CD61F8942440082BD1F /* CircleImage.swift */,
				C8B3602D1F8A3C1300258C96 /* ChannelCell.swift */,
				C8681B9B1F8BF6FD000123BB /* KeyboardBoundView.swift */,
			);
			path = View;
			sourceTree = "<group>";
		};
		C88085E21F86090700E5823B /* Controller */ = {
			isa = PBXGroup;
			children = (
				C88085E31F86093000E5823B /* ChatVC.swift */,
				C88085E51F86094100E5823B /* ChannelVC.swift */,
				C88085EE1F86B9F500E5823B /* LoginVC.swift */,
				C88085F01F86BB8700E5823B /* CreateAccVC.swift */,
				C8408CD21F8929A80082BD1F /* AvatarPickerVC.swift */,
				C8B360241F89734B00258C96 /* ProfileVC.swift */,
				C8B3602F1F8A43F500258C96 /* AddChannelVC.swift */,
			);
			path = Controller;
			sourceTree = "<group>";
		};
		C88085EB1F86B4EB00E5823B /* Utilities */ = {
			isa = PBXGroup;
			children = (
				C88085EC1F86B4FD00E5823B /* Constants.swift */,
			);
			path = Utilities;
			sourceTree = "<group>";
		};
		C8B360281F89736700258C96 /* Xibs */ = {
			isa = PBXGroup;
			children = (
				C8B360251F89734B00258C96 /* ProfileVC.xib */,
				C8B360301F8A43F500258C96 /* AddChannelVC.xib */,
			);
			path = Xibs;
			sourceTree = "<group>";
		};
		F9A68B44EC1133DA7AF48C53 /* Frameworks */ = {
			isa = PBXGroup;
			children = (
				17869A46C37DF206BB2E0049 /* Pods_smack_app.framework */,
			);
			name = Frameworks;
			sourceTree = "<group>";
		};
/* End PBXGroup section */

/* Begin PBXNativeTarget section */
		C88085C61F857F2300E5823B /* smack-app */ = {
			isa = PBXNativeTarget;
			buildConfigurationList = C88085D91F857F2400E5823B /* Build configuration list for PBXNativeTarget "smack-app" */;
			buildPhases = (
				B0B1F3CC1FE98E42E1A1B587 /* [CP] Check Pods Manifest.lock */,
				C88085C31F857F2300E5823B /* Sources */,
				C88085C41F857F2300E5823B /* Frameworks */,
				C88085C51F857F2300E5823B /* Resources */,
				4D2381E9816E4FB19ACC4313 /* [CP] Embed Pods Frameworks */,
				14A777C1CE3A05ACDCA10CD6 /* [CP] Copy Pods Resources */,
			);
			buildRules = (
			);
			dependencies = (
			);
			name = "smack-app";
			productName = "smack-app";
			productReference = C88085C71F857F2300E5823B /* smack-app.app */;
			productType = "com.apple.product-type.application";
		};
/* End PBXNativeTarget section */

/* Begin PBXProject section */
		C88085BF1F857F2300E5823B /* Project object */ = {
			isa = PBXProject;
			attributes = {
				LastSwiftUpdateCheck = 0900;
				LastUpgradeCheck = 0900;
				ORGANIZATIONNAME = jessrascal;
				TargetAttributes = {
					C88085C61F857F2300E5823B = {
						CreatedOnToolsVersion = 9.0;
						LastSwiftMigration = 0900;
						ProvisioningStyle = Automatic;
					};
				};
			};
			buildConfigurationList = C88085C21F857F2300E5823B /* Build configuration list for PBXProject "smack-app" */;
			compatibilityVersion = "Xcode 8.0";
			developmentRegion = en;
			hasScannedForEncodings = 0;
			knownRegions = (
				en,
				Base,
			);
			mainGroup = C88085BE1F857F2300E5823B;
			productRefGroup = C88085C81F857F2300E5823B /* Products */;
			projectDirPath = "";
			projectRoot = "";
			targets = (
				C88085C61F857F2300E5823B /* smack-app */,
			);
		};
/* End PBXProject section */

/* Begin PBXResourcesBuildPhase section */
		C88085C51F857F2300E5823B /* Resources */ = {
			isa = PBXResourcesBuildPhase;
			buildActionMask = 2147483647;
			files = (
				C8B360321F8A43F500258C96 /* AddChannelVC.xib in Resources */,
				C8B360271F89734B00258C96 /* ProfileVC.xib in Resources */,
				C88085D51F857F2400E5823B /* LaunchScreen.storyboard in Resources */,
				C88085D21F857F2400E5823B /* Assets.xcassets in Resources */,
				C88085D01F857F2400E5823B /* Main.storyboard in Resources */,
			);
			runOnlyForDeploymentPostprocessing = 0;
		};
/* End PBXResourcesBuildPhase section */

/* Begin PBXShellScriptBuildPhase section */
		14A777C1CE3A05ACDCA10CD6 /* [CP] Copy Pods Resources */ = {
			isa = PBXShellScriptBuildPhase;
			buildActionMask = 2147483647;
			files = (
			);
			inputPaths = (
			);
			name = "[CP] Copy Pods Resources";
			outputPaths = (
			);
			runOnlyForDeploymentPostprocessing = 0;
			shellPath = /bin/sh;
			shellScript = "\"${SRCROOT}/Pods/Target Support Files/Pods-smack-app/Pods-smack-app-resources.sh\"\n";
			showEnvVarsInLog = 0;
		};
		4D2381E9816E4FB19ACC4313 /* [CP] Embed Pods Frameworks */ = {
			isa = PBXShellScriptBuildPhase;
			buildActionMask = 2147483647;
			files = (
			);
			inputPaths = (
				"${SRCROOT}/Pods/Target Support Files/Pods-smack-app/Pods-smack-app-frameworks.sh",
				"${BUILT_PRODUCTS_DIR}/Alamofire/Alamofire.framework",
				"${BUILT_PRODUCTS_DIR}/Socket.IO-Client-Swift/SocketIO.framework",
				"${BUILT_PRODUCTS_DIR}/Starscream/Starscream.framework",
				"${BUILT_PRODUCTS_DIR}/SwiftyJSON/SwiftyJSON.framework",
			);
			name = "[CP] Embed Pods Frameworks";
			outputPaths = (
				"${TARGET_BUILD_DIR}/${FRAMEWORKS_FOLDER_PATH}/Alamofire.framework",
				"${TARGET_BUILD_DIR}/${FRAMEWORKS_FOLDER_PATH}/SocketIO.framework",
				"${TARGET_BUILD_DIR}/${FRAMEWORKS_FOLDER_PATH}/Starscream.framework",
				"${TARGET_BUILD_DIR}/${FRAMEWORKS_FOLDER_PATH}/SwiftyJSON.framework",
			);
			runOnlyForDeploymentPostprocessing = 0;
			shellPath = /bin/sh;
			shellScript = "\"${SRCROOT}/Pods/Target Support Files/Pods-smack-app/Pods-smack-app-frameworks.sh\"\n";
			showEnvVarsInLog = 0;
		};
		B0B1F3CC1FE98E42E1A1B587 /* [CP] Check Pods Manifest.lock */ = {
			isa = PBXShellScriptBuildPhase;
			buildActionMask = 2147483647;
			files = (
			);
			inputPaths = (
				"${PODS_PODFILE_DIR_PATH}/Podfile.lock",
				"${PODS_ROOT}/Manifest.lock",
			);
			name = "[CP] Check Pods Manifest.lock";
			outputPaths = (
				"$(DERIVED_FILE_DIR)/Pods-smack-app-checkManifestLockResult.txt",
			);
			runOnlyForDeploymentPostprocessing = 0;
			shellPath = /bin/sh;
			shellScript = "diff \"${PODS_PODFILE_DIR_PATH}/Podfile.lock\" \"${PODS_ROOT}/Manifest.lock\" > /dev/null\nif [ $? != 0 ] ; then\n    # print error to STDERR\n    echo \"error: The sandbox is not in sync with the Podfile.lock. Run 'pod install' or update your CocoaPods installation.\" >&2\n    exit 1\nfi\n# This output is used by Xcode 'outputs' to avoid re-running this script phase.\necho \"SUCCESS\" > \"${SCRIPT_OUTPUT_FILE_0}\"\n";
			showEnvVarsInLog = 0;
		};
/* End PBXShellScriptBuildPhase section */

/* Begin PBXSourcesBuildPhase section */
		C88085C31F857F2300E5823B /* Sources */ = {
			isa = PBXSourcesBuildPhase;
			buildActionMask = 2147483647;
			files = (
				C8681B9C1F8BF6FD000123BB /* KeyboardBoundView.swift in Sources */,
				C8A5D4471F8A5BD3009759E9 /* SocketService.swift in Sources */,
				C8B360261F89734B00258C96 /* ProfileVC.swift in Sources */,
				C8B3602E1F8A3C1300258C96 /* ChannelCell.swift in Sources */,
				C88085F11F86BB8700E5823B /* CreateAccVC.swift in Sources */,
				C8408CD31F8929A80082BD1F /* AvatarPickerVC.swift in Sources */,
				C8408CCF1F874DC40082BD1F /* RoundedButton.swift in Sources */,
				C81128731F8BD6D70039A422 /* Message.swift in Sources */,
				C8B3602C1F8A323800258C96 /* Channel.swift in Sources */,
				C8408CD71F8942440082BD1F /* CircleImage.swift in Sources */,
				C8B3602A1F8A320800258C96 /* MessageService.swift in Sources */,
				C88085E41F86093000E5823B /* ChatVC.swift in Sources */,
				C8408CD11F8912F20082BD1F /* UserDataService.swift in Sources */,
				C88085E61F86094100E5823B /* ChannelVC.swift in Sources */,
				C830289E1F86D8FD00F30F4B /* AuthService.swift in Sources */,
				C88085EF1F86B9F500E5823B /* LoginVC.swift in Sources */,
				C8B360311F8A43F500258C96 /* AddChannelVC.swift in Sources */,
				C88085E91F860FAE00E5823B /* GradientView.swift in Sources */,
				C8408CD51F892C020082BD1F /* AvatarCell.swift in Sources */,
				C88085CB1F857F2400E5823B /* AppDelegate.swift in Sources */,
				C88085E71F860C7700E5823B /* SWRevealViewController.m in Sources */,
				C88085ED1F86B4FD00E5823B /* Constants.swift in Sources */,
			);
			runOnlyForDeploymentPostprocessing = 0;
		};
/* End PBXSourcesBuildPhase section */

/* Begin PBXVariantGroup section */
		C88085CE1F857F2400E5823B /* Main.storyboard */ = {
			isa = PBXVariantGroup;
			children = (
				C88085CF1F857F2400E5823B /* Base */,
			);
			name = Main.storyboard;
			sourceTree = "<group>";
		};
		C88085D31F857F2400E5823B /* LaunchScreen.storyboard */ = {
			isa = PBXVariantGroup;
			children = (
				C88085D41F857F2400E5823B /* Base */,
			);
			name = LaunchScreen.storyboard;
			sourceTree = "<group>";
		};
/* End PBXVariantGroup section */

/* Begin XCBuildConfiguration section */
		C88085D71F857F2400E5823B /* Debug */ = {
			isa = XCBuildConfiguration;
			buildSettings = {
				ALWAYS_SEARCH_USER_PATHS = NO;
				CLANG_ANALYZER_NONNULL = YES;
				CLANG_ANALYZER_NUMBER_OBJECT_CONVERSION = YES_AGGRESSIVE;
				CLANG_CXX_LANGUAGE_STANDARD = "gnu++14";
				CLANG_CXX_LIBRARY = "libc++";
				CLANG_ENABLE_MODULES = YES;
				CLANG_ENABLE_OBJC_ARC = YES;
				CLANG_WARN_BLOCK_CAPTURE_AUTORELEASING = YES;
				CLANG_WARN_BOOL_CONVERSION = YES;
				CLANG_WARN_COMMA = YES;
				CLANG_WARN_CONSTANT_CONVERSION = YES;
				CLANG_WARN_DIRECT_OBJC_ISA_USAGE = YES_ERROR;
				CLANG_WARN_DOCUMENTATION_COMMENTS = YES;
				CLANG_WARN_EMPTY_BODY = YES;
				CLANG_WARN_ENUM_CONVERSION = YES;
				CLANG_WARN_INFINITE_RECURSION = YES;
				CLANG_WARN_INT_CONVERSION = YES;
				CLANG_WARN_NON_LITERAL_NULL_CONVERSION = YES;
				CLANG_WARN_OBJC_LITERAL_CONVERSION = YES;
				CLANG_WARN_OBJC_ROOT_CLASS = YES_ERROR;
				CLANG_WARN_RANGE_LOOP_ANALYSIS = YES;
				CLANG_WARN_STRICT_PROTOTYPES = YES;
				CLANG_WARN_SUSPICIOUS_MOVE = YES;
				CLANG_WARN_UNGUARDED_AVAILABILITY = YES_AGGRESSIVE;
				CLANG_WARN_UNREACHABLE_CODE = YES;
				CLANG_WARN__DUPLICATE_METHOD_MATCH = YES;
				CODE_SIGN_IDENTITY = "iPhone Developer";
				COPY_PHASE_STRIP = NO;
				DEBUG_INFORMATION_FORMAT = dwarf;
				ENABLE_STRICT_OBJC_MSGSEND = YES;
				ENABLE_TESTABILITY = YES;
				GCC_C_LANGUAGE_STANDARD = gnu11;
				GCC_DYNAMIC_NO_PIC = NO;
				GCC_NO_COMMON_BLOCKS = YES;
				GCC_OPTIMIZATION_LEVEL = 0;
				GCC_PREPROCESSOR_DEFINITIONS = (
					"DEBUG=1",
					"$(inherited)",
				);
				GCC_WARN_64_TO_32_BIT_CONVERSION = YES;
				GCC_WARN_ABOUT_RETURN_TYPE = YES_ERROR;
				GCC_WARN_UNDECLARED_SELECTOR = YES;
				GCC_WARN_UNINITIALIZED_AUTOS = YES_AGGRESSIVE;
				GCC_WARN_UNUSED_FUNCTION = YES;
				GCC_WARN_UNUSED_VARIABLE = YES;
				IPHONEOS_DEPLOYMENT_TARGET = 11.0;
				MTL_ENABLE_DEBUG_INFO = YES;
				ONLY_ACTIVE_ARCH = YES;
				SDKROOT = iphoneos;
				SWIFT_ACTIVE_COMPILATION_CONDITIONS = DEBUG;
				SWIFT_OPTIMIZATION_LEVEL = "-Onone";
			};
			name = Debug;
		};
		C88085D81F857F2400E5823B /* Release */ = {
			isa = XCBuildConfiguration;
			buildSettings = {
				ALWAYS_SEARCH_USER_PATHS = NO;
				CLANG_ANALYZER_NONNULL = YES;
				CLANG_ANALYZER_NUMBER_OBJECT_CONVERSION = YES_AGGRESSIVE;
				CLANG_CXX_LANGUAGE_STANDARD = "gnu++14";
				CLANG_CXX_LIBRARY = "libc++";
				CLANG_ENABLE_MODULES = YES;
				CLANG_ENABLE_OBJC_ARC = YES;
				CLANG_WARN_BLOCK_CAPTURE_AUTORELEASING = YES;
				CLANG_WARN_BOOL_CONVERSION = YES;
				CLANG_WARN_COMMA = YES;
				CLANG_WARN_CONSTANT_CONVERSION = YES;
				CLANG_WARN_DIRECT_OBJC_ISA_USAGE = YES_ERROR;
				CLANG_WARN_DOCUMENTATION_COMMENTS = YES;
				CLANG_WARN_EMPTY_BODY = YES;
				CLANG_WARN_ENUM_CONVERSION = YES;
				CLANG_WARN_INFINITE_RECURSION = YES;
				CLANG_WARN_INT_CONVERSION = YES;
				CLANG_WARN_NON_LITERAL_NULL_CONVERSION = YES;
				CLANG_WARN_OBJC_LITERAL_CONVERSION = YES;
				CLANG_WARN_OBJC_ROOT_CLASS = YES_ERROR;
				CLANG_WARN_RANGE_LOOP_ANALYSIS = YES;
				CLANG_WARN_STRICT_PROTOTYPES = YES;
				CLANG_WARN_SUSPICIOUS_MOVE = YES;
				CLANG_WARN_UNGUARDED_AVAILABILITY = YES_AGGRESSIVE;
				CLANG_WARN_UNREACHABLE_CODE = YES;
				CLANG_WARN__DUPLICATE_METHOD_MATCH = YES;
				CODE_SIGN_IDENTITY = "iPhone Developer";
				COPY_PHASE_STRIP = NO;
				DEBUG_INFORMATION_FORMAT = "dwarf-with-dsym";
				ENABLE_NS_ASSERTIONS = NO;
				ENABLE_STRICT_OBJC_MSGSEND = YES;
				GCC_C_LANGUAGE_STANDARD = gnu11;
				GCC_NO_COMMON_BLOCKS = YES;
				GCC_WARN_64_TO_32_BIT_CONVERSION = YES;
				GCC_WARN_ABOUT_RETURN_TYPE = YES_ERROR;
				GCC_WARN_UNDECLARED_SELECTOR = YES;
				GCC_WARN_UNINITIALIZED_AUTOS = YES_AGGRESSIVE;
				GCC_WARN_UNUSED_FUNCTION = YES;
				GCC_WARN_UNUSED_VARIABLE = YES;
				IPHONEOS_DEPLOYMENT_TARGET = 11.0;
				MTL_ENABLE_DEBUG_INFO = NO;
				SDKROOT = iphoneos;
				SWIFT_OPTIMIZATION_LEVEL = "-Owholemodule";
				VALIDATE_PRODUCT = YES;
			};
			name = Release;
		};
		C88085DA1F857F2400E5823B /* Debug */ = {
			isa = XCBuildConfiguration;
			baseConfigurationReference = 301909D2C8654C606F3D8F38 /* Pods-smack-app.debug.xcconfig */;
			buildSettings = {
				ASSETCATALOG_COMPILER_APPICON_NAME = AppIcon;
				CLANG_ENABLE_MODULES = YES;
				CODE_SIGN_STYLE = Automatic;
				DEVELOPMENT_TEAM = E32WVF474V;
				INFOPLIST_FILE = "smack-app/Info.plist";
				LD_RUNPATH_SEARCH_PATHS = "$(inherited) @executable_path/Frameworks";
				PRODUCT_BUNDLE_IDENTIFIER = "com.jessrascal.smack-app";
				PRODUCT_NAME = "$(TARGET_NAME)";
				SWIFT_OBJC_BRIDGING_HEADER = "smack-app/Supporting Files/smack-app-Bridging-Header.h";
				SWIFT_OPTIMIZATION_LEVEL = "-Onone";
				SWIFT_VERSION = 4.0;
				TARGETED_DEVICE_FAMILY = "1,2";
			};
			name = Debug;
		};
		C88085DB1F857F2400E5823B /* Release */ = {
			isa = XCBuildConfiguration;
			baseConfigurationReference = F1939109B86ED5A6131B07C5 /* Pods-smack-app.release.xcconfig */;
			buildSettings = {
				ASSETCATALOG_COMPILER_APPICON_NAME = AppIcon;
				CLANG_ENABLE_MODULES = YES;
				CODE_SIGN_STYLE = Automatic;
				DEVELOPMENT_TEAM = E32WVF474V;
				INFOPLIST_FILE = "smack-app/Info.plist";
				LD_RUNPATH_SEARCH_PATHS = "$(inherited) @executable_path/Frameworks";
				PRODUCT_BUNDLE_IDENTIFIER = "com.jessrascal.smack-app";
				PRODUCT_NAME = "$(TARGET_NAME)";
				SWIFT_OBJC_BRIDGING_HEADER = "smack-app/Supporting Files/smack-app-Bridging-Header.h";
				SWIFT_VERSION = 4.0;
				TARGETED_DEVICE_FAMILY = "1,2";
			};
			name = Release;
		};
/* End XCBuildConfiguration section */

/* Begin XCConfigurationList section */
		C88085C21F857F2300E5823B /* Build configuration list for PBXProject "smack-app" */ = {
			isa = XCConfigurationList;
			buildConfigurations = (
				C88085D71F857F2400E5823B /* Debug */,
				C88085D81F857F2400E5823B /* Release */,
			);
			defaultConfigurationIsVisible = 0;
			defaultConfigurationName = Release;
		};
		C88085D91F857F2400E5823B /* Build configuration list for PBXNativeTarget "smack-app" */ = {
			isa = XCConfigurationList;
			buildConfigurations = (
				C88085DA1F857F2400E5823B /* Debug */,
				C88085DB1F857F2400E5823B /* Release */,
			);
			defaultConfigurationIsVisible = 0;
			defaultConfigurationName = Release;
		};
/* End XCConfigurationList section */
	};
	rootObject = C88085BF1F857F2300E5823B /* Project object */;
}
